PODS:
  - Bucketeer (2.0.0)
  - Flutter (1.0.0)
  - flutter_bucketeer (1.4.0):
    - Bucketeer (= 2.0.0)
    - Flutter
  - shared_preferences_ios (0.0.1):
    - Flutter
  - ua_client_hints (1.1.3):
    - Flutter

DEPENDENCIES:
  - Flutter (from `Flutter`)
  - flutter_bucketeer (from `.symlinks/plugins/flutter_bucketeer/ios`)
  - shared_preferences_ios (from `.symlinks/plugins/shared_preferences_ios/ios`)
  - ua_client_hints (from `.symlinks/plugins/ua_client_hints/ios`)

SPEC REPOS:
  trunk:
    - Bucketeer

EXTERNAL SOURCES:
  Flutter:
    :path: Flutter
  flutter_bucketeer:
    :path: ".symlinks/plugins/flutter_bucketeer/ios"
  shared_preferences_ios:
    :path: ".symlinks/plugins/shared_preferences_ios/ios"
  ua_client_hints:
    :path: ".symlinks/plugins/ua_client_hints/ios"

SPEC CHECKSUMS:
  Bucketeer: db068ccdd58adbdb6a961ab5427c26dab7b807d1
  Flutter: f04841e97a9d0b0a8025694d0796dd46242b2854
  flutter_bucketeer: cd50843b393ce6f9e78619d832386dc7b0335044
  shared_preferences_ios: 548a61f8053b9b8a49ac19c1ffbc8b92c50d68ad
  ua_client_hints: d8d0ce034e13b28242fa75c7c339f2e3b1942d6b

PODFILE CHECKSUM: ef19549a9bc3046e7bb7d2fab4d021637c0c58a3

COCOAPODS: 1.11.3
